PODS:
  - picoLLM-iOS (1.1.0)

DEPENDENCIES:
  - picoLLM-iOS (from `https://raw.githubusercontent.com/Picovoice/picollm/v1.1-ios/binding/ios/picoLLM-iOS.podspec`)

EXTERNAL SOURCES:
  picoLLM-iOS:
    :podspec: https://raw.githubusercontent.com/Picovoice/picollm/v1.1-ios/binding/ios/picoLLM-iOS.podspec

SPEC CHECKSUMS:
  picoLLM-iOS: dc03cd7e992c702ff34c667f9a35dd9a8084c061

PODFILE CHECKSUM: d5764505a13214074d2e9db975f4c26fd5c720be

COCOAPODS: 1.11.3
