PODS:
  - picoLLM-iOS (1.2.0)

DEPENDENCIES:
  - picoLLM-iOS (from `https://raw.githubusercontent.com/Picovoice/picollm/v1.1-ios/binding/ios/picoLLM-iOS.podspec`)

EXTERNAL SOURCES:
  picoLLM-iOS:
    :podspec: https://raw.githubusercontent.com/Picovoice/picollm/v1.1-ios/binding/ios/picoLLM-iOS.podspec

SPEC CHECKSUMS:
  picoLLM-iOS: 9cc5d0743d1bc856aeabe6c773889d72e884cbee

PODFILE CHECKSUM: d5764505a13214074d2e9db975f4c26fd5c720be

COCOAPODS: 1.11.3
