PODS:
  - picoLLM-iOS (1.2.0)

DEPENDENCIES:
  - picoLLM-iOS (from `https://raw.githubusercontent.com/Picovoice/picollm/refs/heads/v1.2/binding/ios/picoLLM-iOS.podspec`)

EXTERNAL SOURCES:
  picoLLM-iOS:
    :podspec: https://raw.githubusercontent.com/Picovoice/picollm/refs/heads/v1.2/binding/ios/picoLLM-iOS.podspec

SPEC CHECKSUMS:
  picoLLM-iOS: 9ff6baa0b9e577d99491f4fa63f898a16fc6925c

PODFILE CHECKSUM: 66c7b242d50d0b83fde32b7d6d66f221b711ffc7

COCOAPODS: 1.15.2
