PODS:
  - picoLLM-iOS (1.0.0)

DEPENDENCIES:
  - picoLLM-iOS (from `../../../binding/ios`)

EXTERNAL SOURCES:
  picoLLM-iOS:
    :path: "../../../binding/ios"

SPEC CHECKSUMS:
  picoLLM-iOS: 4a8e7b82992988cbbe88899eb975442dac270cbd

PODFILE CHECKSUM: ac868871f23f3c64a0b4dad2cc2770e6b69abdf9

COCOAPODS: 1.12.1
