PODS:
  - PicoLLM-iOS (1.0.0)

DEPENDENCIES:
  - PicoLLM-iOS (from `../../../binding/ios`)

EXTERNAL SOURCES:
  PicoLLM-iOS:
    :path: "../../../binding/ios"

SPEC CHECKSUMS:
  PicoLLM-iOS: ea37e8528ffaf70955cf77105051737ddd79bd2d

PODFILE CHECKSUM: 7f1ab9763916dea1451326c163be8618759c7625

COCOAPODS: 1.12.1
