PODS:
  - PicoLLM-iOS (1.0.0)

DEPENDENCIES:
  - PicoLLM-iOS (from `../../../binding/ios`)

EXTERNAL SOURCES:
  PicoLLM-iOS:
    :path: "../../../binding/ios"

SPEC CHECKSUMS:
  PicoLLM-iOS: 788538668aec616adf393354add22c7c08ea95f0

PODFILE CHECKSUM: 7c539ebf8ad3dcea63a32653ac983e80b822295a

COCOAPODS: 1.12.1
