// !$*UTF8*$!
{
	archiveVersion = 1;
	classes = {
	};
	objectVersion = 54;
	objects = {

/* Begin PBXBuildFile section */
		02A11949268D39A700A2AC99 /* PicoLLMChatDemoApp.swift in Sources */ = {isa = PBXBuildFile; fileRef = 02A11948268D39A700A2AC99 /* PicoLLMChatDemoApp.swift */; };
		02A1194B268D39A700A2AC99 /* ContentView.swift in Sources */ = {isa = PBXBuildFile; fileRef = 02A1194A268D39A700A2AC99 /* ContentView.swift */; };
		02A1194D268D39AB00A2AC99 /* Assets.xcassets in Resources */ = {isa = PBXBuildFile; fileRef = 02A1194C268D39AB00A2AC99 /* Assets.xcassets */; };
		02A1195F268D3FD600A2AC99 /* ViewModel.swift in Sources */ = {isa = PBXBuildFile; fileRef = 02A1195E268D3FD600A2AC99 /* ViewModel.swift */; };
		3D2B8D90C4122A3A0C8C682D /* libPods-PicoLLMChatDemo.a in Frameworks */ = {isa = PBXBuildFile; fileRef = 7231C033B41A0972F723C1A6 /* libPods-PicoLLMChatDemo.a */; };
		C789D24B2BEA8E5D005FDB10 /* LoadModelView.swift in Sources */ = {isa = PBXBuildFile; fileRef = C789D24A2BEA8E5D005FDB10 /* LoadModelView.swift */; };
		C789D24D2BEA8EAE005FDB10 /* ChatView.swift in Sources */ = {isa = PBXBuildFile; fileRef = C789D24C2BEA8EAE005FDB10 /* ChatView.swift */; };
		C789D2512BEAD752005FDB10 /* Constants.swift in Sources */ = {isa = PBXBuildFile; fileRef = C789D2502BEAD752005FDB10 /* Constants.swift */; };
/* End PBXBuildFile section */

/* Begin PBXFileReference section */
		02A11945268D39A700A2AC99 /* PicoLLMChatDemo.app */ = {isa = PBXFileReference; explicitFileType = wrapper.application; includeInIndex = 0; path = PicoLLMChatDemo.app; sourceTree = BUILT_PRODUCTS_DIR; };
		02A11948268D39A700A2AC99 /* PicoLLMChatDemoApp.swift */ = {isa = PBXFileReference; lastKnownFileType = sourcecode.swift; path = PicoLLMChatDemoApp.swift; sourceTree = "<group>"; };
		02A1194A268D39A700A2AC99 /* ContentView.swift */ = {isa = PBXFileReference; lastKnownFileType = sourcecode.swift; path = ContentView.swift; sourceTree = "<group>"; };
		02A1194C268D39AB00A2AC99 /* Assets.xcassets */ = {isa = PBXFileReference; lastKnownFileType = folder.assetcatalog; path = Assets.xcassets; sourceTree = "<group>"; };
		02A11951268D39AB00A2AC99 /* Info.plist */ = {isa = PBXFileReference; lastKnownFileType = text.plist.xml; path = Info.plist; sourceTree = "<group>"; };
		02A1195E268D3FD600A2AC99 /* ViewModel.swift */ = {isa = PBXFileReference; lastKnownFileType = sourcecode.swift; path = ViewModel.swift; sourceTree = "<group>"; };
		195F7C81D2A651BE1E18D367 /* Pods-PicoLLMChatDemo.debug.xcconfig */ = {isa = PBXFileReference; includeInIndex = 1; lastKnownFileType = text.xcconfig; name = "Pods-PicoLLMChatDemo.debug.xcconfig"; path = "Target Support Files/Pods-PicoLLMChatDemo/Pods-PicoLLMChatDemo.debug.xcconfig"; sourceTree = "<group>"; };
		7231C033B41A0972F723C1A6 /* libPods-PicoLLMChatDemo.a */ = {isa = PBXFileReference; explicitFileType = archive.ar; includeInIndex = 0; path = "libPods-PicoLLMChatDemo.a"; sourceTree = BUILT_PRODUCTS_DIR; };
		B4721F6A98EC8D37F91281AB /* Pods-PicoLLMChatDemo.release.xcconfig */ = {isa = PBXFileReference; includeInIndex = 1; lastKnownFileType = text.xcconfig; name = "Pods-PicoLLMChatDemo.release.xcconfig"; path = "Target Support Files/Pods-PicoLLMChatDemo/Pods-PicoLLMChatDemo.release.xcconfig"; sourceTree = "<group>"; };
		C789D24A2BEA8E5D005FDB10 /* LoadModelView.swift */ = {isa = PBXFileReference; lastKnownFileType = sourcecode.swift; path = LoadModelView.swift; sourceTree = "<group>"; };
		C789D24C2BEA8EAE005FDB10 /* ChatView.swift */ = {isa = PBXFileReference; lastKnownFileType = sourcecode.swift; path = ChatView.swift; sourceTree = "<group>"; };
		C789D2502BEAD752005FDB10 /* Constants.swift */ = {isa = PBXFileReference; lastKnownFileType = sourcecode.swift; path = Constants.swift; sourceTree = "<group>"; };
/* End PBXFileReference section */

/* Begin PBXFrameworksBuildPhase section */
		02A11942268D39A700A2AC99 /* Frameworks */ = {
			isa = PBXFrameworksBuildPhase;
			buildActionMask = 2147483647;
			files = (
				3D2B8D90C4122A3A0C8C682D /* libPods-PicoLLMChatDemo.a in Frameworks */,
			);
			runOnlyForDeploymentPostprocessing = 0;
		};
/* End PBXFrameworksBuildPhase section */

/* Begin PBXGroup section */
		02A1193C268D39A700A2AC99 = {
			isa = PBXGroup;
			children = (
				02A11947268D39A700A2AC99 /* PicoLLMChatDemo */,
				02A11946268D39A700A2AC99 /* Products */,
				8DB92FF3DC81AB04D3FF7242 /* Pods */,
				F770462E5CFAB5B7D2E94AD8 /* Frameworks */,
			);
			sourceTree = "<group>";
		};
		02A11946268D39A700A2AC99 /* Products */ = {
			isa = PBXGroup;
			children = (
				02A11945268D39A700A2AC99 /* PicoLLMChatDemo.app */,
			);
			name = Products;
			sourceTree = "<group>";
		};
		02A11947268D39A700A2AC99 /* PicoLLMChatDemo */ = {
			isa = PBXGroup;
			children = (
				02A11948268D39A700A2AC99 /* PicoLLMChatDemoApp.swift */,
				02A1194A268D39A700A2AC99 /* ContentView.swift */,
				02A1194C268D39AB00A2AC99 /* Assets.xcassets */,
				02A11951268D39AB00A2AC99 /* Info.plist */,
				02A1195E268D3FD600A2AC99 /* ViewModel.swift */,
				C789D24A2BEA8E5D005FDB10 /* LoadModelView.swift */,
				C789D24C2BEA8EAE005FDB10 /* ChatView.swift */,
				C789D2502BEAD752005FDB10 /* Constants.swift */,
			);
			path = PicoLLMChatDemo;
			sourceTree = "<group>";
		};
		8DB92FF3DC81AB04D3FF7242 /* Pods */ = {
			isa = PBXGroup;
			children = (
				195F7C81D2A651BE1E18D367 /* Pods-PicoLLMChatDemo.debug.xcconfig */,
				B4721F6A98EC8D37F91281AB /* Pods-PicoLLMChatDemo.release.xcconfig */,
			);
			path = Pods;
			sourceTree = "<group>";
		};
		F770462E5CFAB5B7D2E94AD8 /* Frameworks */ = {
			isa = PBXGroup;
			children = (
				7231C033B41A0972F723C1A6 /* libPods-PicoLLMChatDemo.a */,
			);
			name = Frameworks;
			sourceTree = "<group>";
		};
/* End PBXGroup section */

/* Begin PBXNativeTarget section */
		02A11944268D39A700A2AC99 /* PicoLLMChatDemo */ = {
			isa = PBXNativeTarget;
			buildConfigurationList = 02A11954268D39AB00A2AC99 /* Build configuration list for PBXNativeTarget "PicoLLMChatDemo" */;
			buildPhases = (
				1F448DADB90CE82863E78546 /* [CP] Check Pods Manifest.lock */,
				02A11941268D39A700A2AC99 /* Sources */,
				02A11942268D39A700A2AC99 /* Frameworks */,
				02A11943268D39A700A2AC99 /* Resources */,
				FA42AEB90E30635F6CCC7782 /* [CP] Embed Pods Frameworks */,
			);
			buildRules = (
			);
			dependencies = (
			);
			name = PicoLLMChatDemo;
			productName = PicoLLMChatDemo;
			productReference = 02A11945268D39A700A2AC99 /* PicoLLMChatDemo.app */;
			productType = "com.apple.product-type.application";
		};
/* End PBXNativeTarget section */

/* Begin PBXProject section */
		02A1193D268D39A700A2AC99 /* Project object */ = {
			isa = PBXProject;
			attributes = {
				BuildIndependentTargetsInParallel = YES;
				LastSwiftUpdateCheck = 1250;
				LastUpgradeCheck = 1530;
				TargetAttributes = {
					02A11944268D39A700A2AC99 = {
						CreatedOnToolsVersion = 12.5;
					};
				};
			};
			buildConfigurationList = 02A11940268D39A700A2AC99 /* Build configuration list for PBXProject "PicoLLMChatDemo" */;
			compatibilityVersion = "Xcode 9.3";
			developmentRegion = en;
			hasScannedForEncodings = 0;
			knownRegions = (
				en,
				Base,
			);
			mainGroup = 02A1193C268D39A700A2AC99;
			productRefGroup = 02A11946268D39A700A2AC99 /* Products */;
			projectDirPath = "";
			projectRoot = "";
			targets = (
				02A11944268D39A700A2AC99 /* PicoLLMChatDemo */,
			);
		};
/* End PBXProject section */

/* Begin PBXResourcesBuildPhase section */
		02A11943268D39A700A2AC99 /* Resources */ = {
			isa = PBXResourcesBuildPhase;
			buildActionMask = 2147483647;
			files = (
				02A1194D268D39AB00A2AC99 /* Assets.xcassets in Resources */,
			);
			runOnlyForDeploymentPostprocessing = 0;
		};
/* End PBXResourcesBuildPhase section */

/* Begin PBXShellScriptBuildPhase section */
		1F448DADB90CE82863E78546 /* [CP] Check Pods Manifest.lock */ = {
			isa = PBXShellScriptBuildPhase;
			buildActionMask = 2147483647;
			files = (
			);
			inputFileListPaths = (
			);
			inputPaths = (
				"${PODS_PODFILE_DIR_PATH}/Podfile.lock",
				"${PODS_ROOT}/Manifest.lock",
			);
			name = "[CP] Check Pods Manifest.lock";
			outputFileListPaths = (
			);
			outputPaths = (
				"$(DERIVED_FILE_DIR)/Pods-PicoLLMChatDemo-checkManifestLockResult.txt",
			);
			runOnlyForDeploymentPostprocessing = 0;
			shellPath = /bin/sh;
			shellScript = "diff \"${PODS_PODFILE_DIR_PATH}/Podfile.lock\" \"${PODS_ROOT}/Manifest.lock\" > /dev/null\nif [ $? != 0 ] ; then\n    # print error to STDERR\n    echo \"error: The sandbox is not in sync with the Podfile.lock. Run 'pod install' or update your CocoaPods installation.\" >&2\n    exit 1\nfi\n# This output is used by Xcode 'outputs' to avoid re-running this script phase.\necho \"SUCCESS\" > \"${SCRIPT_OUTPUT_FILE_0}\"\n";
			showEnvVarsInLog = 0;
		};
		FA42AEB90E30635F6CCC7782 /* [CP] Embed Pods Frameworks */ = {
			isa = PBXShellScriptBuildPhase;
			buildActionMask = 2147483647;
			files = (
			);
			inputFileListPaths = (
				"${PODS_ROOT}/Target Support Files/Pods-PicoLLMChatDemo/Pods-PicoLLMChatDemo-frameworks-${CONFIGURATION}-input-files.xcfilelist",
			);
			name = "[CP] Embed Pods Frameworks";
			outputFileListPaths = (
				"${PODS_ROOT}/Target Support Files/Pods-PicoLLMChatDemo/Pods-PicoLLMChatDemo-frameworks-${CONFIGURATION}-output-files.xcfilelist",
			);
			runOnlyForDeploymentPostprocessing = 0;
			shellPath = /bin/sh;
			shellScript = "\"${PODS_ROOT}/Target Support Files/Pods-PicoLLMChatDemo/Pods-PicoLLMChatDemo-frameworks.sh\"\n";
			showEnvVarsInLog = 0;
		};
/* End PBXShellScriptBuildPhase section */

/* Begin PBXSourcesBuildPhase section */
		02A11941268D39A700A2AC99 /* Sources */ = {
			isa = PBXSourcesBuildPhase;
			buildActionMask = 2147483647;
			files = (
				C789D24D2BEA8EAE005FDB10 /* ChatView.swift in Sources */,
				C789D24B2BEA8E5D005FDB10 /* LoadModelView.swift in Sources */,
				02A1194B268D39A700A2AC99 /* ContentView.swift in Sources */,
				C789D2512BEAD752005FDB10 /* Constants.swift in Sources */,
				02A1195F268D3FD600A2AC99 /* ViewModel.swift in Sources */,
				02A11949268D39A700A2AC99 /* PicoLLMChatDemoApp.swift in Sources */,
			);
			runOnlyForDeploymentPostprocessing = 0;
		};
/* End PBXSourcesBuildPhase section */

/* Begin XCBuildConfiguration section */
		02A11952268D39AB00A2AC99 /* Debug */ = {
			isa = XCBuildConfiguration;
			buildSettings = {
				ALWAYS_SEARCH_USER_PATHS = NO;
				CLANG_ANALYZER_NONNULL = YES;
				CLANG_ANALYZER_NUMBER_OBJECT_CONVERSION = YES_AGGRESSIVE;
				CLANG_CXX_LANGUAGE_STANDARD = "gnu++14";
				CLANG_CXX_LIBRARY = "libc++";
				CLANG_ENABLE_MODULES = YES;
				CLANG_ENABLE_OBJC_ARC = YES;
				CLANG_ENABLE_OBJC_WEAK = YES;
				CLANG_WARN_BLOCK_CAPTURE_AUTORELEASING = YES;
				CLANG_WARN_BOOL_CONVERSION = YES;
				CLANG_WARN_COMMA = YES;
				CLANG_WARN_CONSTANT_CONVERSION = YES;
				CLANG_WARN_DEPRECATED_OBJC_IMPLEMENTATIONS = YES;
				CLANG_WARN_DIRECT_OBJC_ISA_USAGE = YES_ERROR;
				CLANG_WARN_DOCUMENTATION_COMMENTS = YES;
				CLANG_WARN_EMPTY_BODY = YES;
				CLANG_WARN_ENUM_CONVERSION = YES;
				CLANG_WARN_INFINITE_RECURSION = YES;
				CLANG_WARN_INT_CONVERSION = YES;
				CLANG_WARN_NON_LITERAL_NULL_CONVERSION = YES;
				CLANG_WARN_OBJC_IMPLICIT_RETAIN_SELF = YES;
				CLANG_WARN_OBJC_LITERAL_CONVERSION = YES;
				CLANG_WARN_OBJC_ROOT_CLASS = YES_ERROR;
				CLANG_WARN_QUOTED_INCLUDE_IN_FRAMEWORK_HEADER = YES;
				CLANG_WARN_RANGE_LOOP_ANALYSIS = YES;
				CLANG_WARN_STRICT_PROTOTYPES = YES;
				CLANG_WARN_SUSPICIOUS_MOVE = YES;
				CLANG_WARN_UNGUARDED_AVAILABILITY = YES_AGGRESSIVE;
				CLANG_WARN_UNREACHABLE_CODE = YES;
				CLANG_WARN__DUPLICATE_METHOD_MATCH = YES;
				COPY_PHASE_STRIP = NO;
				DEBUG_INFORMATION_FORMAT = dwarf;
				ENABLE_STRICT_OBJC_MSGSEND = YES;
				ENABLE_TESTABILITY = YES;
				ENABLE_USER_SCRIPT_SANDBOXING = NO;
				GCC_C_LANGUAGE_STANDARD = gnu11;
				GCC_DYNAMIC_NO_PIC = NO;
				GCC_NO_COMMON_BLOCKS = YES;
				GCC_OPTIMIZATION_LEVEL = 0;
				GCC_PREPROCESSOR_DEFINITIONS = (
					"DEBUG=1",
					"$(inherited)",
				);
				GCC_WARN_64_TO_32_BIT_CONVERSION = YES;
				GCC_WARN_ABOUT_RETURN_TYPE = YES_ERROR;
				GCC_WARN_UNDECLARED_SELECTOR = YES;
				GCC_WARN_UNINITIALIZED_AUTOS = YES_AGGRESSIVE;
				GCC_WARN_UNUSED_FUNCTION = YES;
				GCC_WARN_UNUSED_VARIABLE = YES;
				IPHONEOS_DEPLOYMENT_TARGET = 16.0;
				MTL_ENABLE_DEBUG_INFO = INCLUDE_SOURCE;
				MTL_FAST_MATH = YES;
				ONLY_ACTIVE_ARCH = YES;
				SDKROOT = iphoneos;
				SWIFT_ACTIVE_COMPILATION_CONDITIONS = DEBUG;
				SWIFT_OPTIMIZATION_LEVEL = "-Onone";
			};
			name = Debug;
		};
		02A11953268D39AB00A2AC99 /* Release */ = {
			isa = XCBuildConfiguration;
			buildSettings = {
				ALWAYS_SEARCH_USER_PATHS = NO;
				CLANG_ANALYZER_NONNULL = YES;
				CLANG_ANALYZER_NUMBER_OBJECT_CONVERSION = YES_AGGRESSIVE;
				CLANG_CXX_LANGUAGE_STANDARD = "gnu++14";
				CLANG_CXX_LIBRARY = "libc++";
				CLANG_ENABLE_MODULES = YES;
				CLANG_ENABLE_OBJC_ARC = YES;
				CLANG_ENABLE_OBJC_WEAK = YES;
				CLANG_WARN_BLOCK_CAPTURE_AUTORELEASING = YES;
				CLANG_WARN_BOOL_CONVERSION = YES;
				CLANG_WARN_COMMA = YES;
				CLANG_WARN_CONSTANT_CONVERSION = YES;
				CLANG_WARN_DEPRECATED_OBJC_IMPLEMENTATIONS = YES;
				CLANG_WARN_DIRECT_OBJC_ISA_USAGE = YES_ERROR;
				CLANG_WARN_DOCUMENTATION_COMMENTS = YES;
				CLANG_WARN_EMPTY_BODY = YES;
				CLANG_WARN_ENUM_CONVERSION = YES;
				CLANG_WARN_INFINITE_RECURSION = YES;
				CLANG_WARN_INT_CONVERSION = YES;
				CLANG_WARN_NON_LITERAL_NULL_CONVERSION = YES;
				CLANG_WARN_OBJC_IMPLICIT_RETAIN_SELF = YES;
				CLANG_WARN_OBJC_LITERAL_CONVERSION = YES;
				CLANG_WARN_OBJC_ROOT_CLASS = YES_ERROR;
				CLANG_WARN_QUOTED_INCLUDE_IN_FRAMEWORK_HEADER = YES;
				CLANG_WARN_RANGE_LOOP_ANALYSIS = YES;
				CLANG_WARN_STRICT_PROTOTYPES = YES;
				CLANG_WARN_SUSPICIOUS_MOVE = YES;
				CLANG_WARN_UNGUARDED_AVAILABILITY = YES_AGGRESSIVE;
				CLANG_WARN_UNREACHABLE_CODE = YES;
				CLANG_WARN__DUPLICATE_METHOD_MATCH = YES;
				COPY_PHASE_STRIP = NO;
				DEBUG_INFORMATION_FORMAT = "dwarf-with-dsym";
				ENABLE_NS_ASSERTIONS = NO;
				ENABLE_STRICT_OBJC_MSGSEND = YES;
				ENABLE_USER_SCRIPT_SANDBOXING = NO;
				GCC_C_LANGUAGE_STANDARD = gnu11;
				GCC_NO_COMMON_BLOCKS = YES;
				GCC_WARN_64_TO_32_BIT_CONVERSION = YES;
				GCC_WARN_ABOUT_RETURN_TYPE = YES_ERROR;
				GCC_WARN_UNDECLARED_SELECTOR = YES;
				GCC_WARN_UNINITIALIZED_AUTOS = YES_AGGRESSIVE;
				GCC_WARN_UNUSED_FUNCTION = YES;
				GCC_WARN_UNUSED_VARIABLE = YES;
				IPHONEOS_DEPLOYMENT_TARGET = 16.0;
				MTL_ENABLE_DEBUG_INFO = NO;
				MTL_FAST_MATH = YES;
				SDKROOT = iphoneos;
				SWIFT_COMPILATION_MODE = wholemodule;
				SWIFT_OPTIMIZATION_LEVEL = "-O";
				VALIDATE_PRODUCT = YES;
			};
			name = Release;
		};
		02A11955268D39AB00A2AC99 /* Debug */ = {
			isa = XCBuildConfiguration;
			baseConfigurationReference = 195F7C81D2A651BE1E18D367 /* Pods-PicoLLMChatDemo.debug.xcconfig */;
			buildSettings = {
				ASSETCATALOG_COMPILER_APPICON_NAME = AppIcon;
				ASSETCATALOG_COMPILER_GLOBAL_ACCENT_COLOR_NAME = AccentColor;
				CODE_SIGN_STYLE = Automatic;
				DEVELOPMENT_ASSET_PATHS = "";
				DEVELOPMENT_TEAM = EU9HUJJU2X;
				ENABLE_PREVIEWS = YES;
				ENABLE_USER_SCRIPT_SANDBOXING = NO;
				INFOPLIST_FILE = PicoLLMChatDemo/Info.plist;
				IPHONEOS_DEPLOYMENT_TARGET = 16.0;
				LD_RUNPATH_SEARCH_PATHS = (
					"$(inherited)",
					"@executable_path/Frameworks",
				);
				PRODUCT_BUNDLE_IDENTIFIER = ai.picovoice.PicoLLMChatDemo;
				PRODUCT_NAME = "$(TARGET_NAME)";
				SWIFT_VERSION = 5.0;
				TARGETED_DEVICE_FAMILY = "1,2";
			};
			name = Debug;
		};
		02A11956268D39AB00A2AC99 /* Release */ = {
			isa = XCBuildConfiguration;
			baseConfigurationReference = B4721F6A98EC8D37F91281AB /* Pods-PicoLLMChatDemo.release.xcconfig */;
			buildSettings = {
				ASSETCATALOG_COMPILER_APPICON_NAME = AppIcon;
				ASSETCATALOG_COMPILER_GLOBAL_ACCENT_COLOR_NAME = AccentColor;
				CODE_SIGN_STYLE = Automatic;
				DEVELOPMENT_ASSET_PATHS = "";
				DEVELOPMENT_TEAM = EU9HUJJU2X;
				ENABLE_PREVIEWS = YES;
				ENABLE_USER_SCRIPT_SANDBOXING = NO;
				INFOPLIST_FILE = PicoLLMChatDemo/Info.plist;
				IPHONEOS_DEPLOYMENT_TARGET = 16.0;
				LD_RUNPATH_SEARCH_PATHS = (
					"$(inherited)",
					"@executable_path/Frameworks",
				);
				PRODUCT_BUNDLE_IDENTIFIER = ai.picovoice.PicoLLMChatDemo;
				PRODUCT_NAME = "$(TARGET_NAME)";
				SWIFT_VERSION = 5.0;
				TARGETED_DEVICE_FAMILY = "1,2";
			};
			name = Release;
		};
/* End XCBuildConfiguration section */

/* Begin XCConfigurationList section */
		02A11940268D39A700A2AC99 /* Build configuration list for PBXProject "PicoLLMChatDemo" */ = {
			isa = XCConfigurationList;
			buildConfigurations = (
				02A11952268D39AB00A2AC99 /* Debug */,
				02A11953268D39AB00A2AC99 /* Release */,
			);
			defaultConfigurationIsVisible = 0;
			defaultConfigurationName = Release;
		};
		02A11954268D39AB00A2AC99 /* Build configuration list for PBXNativeTarget "PicoLLMChatDemo" */ = {
			isa = XCConfigurationList;
			buildConfigurations = (
				02A11955268D39AB00A2AC99 /* Debug */,
				02A11956268D39AB00A2AC99 /* Release */,
			);
			defaultConfigurationIsVisible = 0;
			defaultConfigurationName = Release;
		};
/* End XCConfigurationList section */
	};
	rootObject = 02A1193D268D39A700A2AC99 /* Project object */;
}
