# THIS IS AN AUTOGENERATED FILE. DO NOT EDIT THIS FILE DIRECTLY.
# yarn lockfile v1


"@picovoice/picollm-node@~1.2.4":
  version "1.2.4"
  resolved "https://registry.yarnpkg.com/@picovoice/picollm-node/-/picollm-node-1.2.4.tgz#f0dc0db5195737d731df99c91dde3e4ce1bc4ca5"
  integrity sha512-UlJtMkn8Rl9QdPklGCngGAJaCMwnVQQRHucinZ33gplezRWCsgFRW8SdqE7D7EyK8bILJwc67Ngdtg19kyI08w==

commander@^6.1.0:
  version "6.2.1"
  resolved "https://registry.yarnpkg.com/commander/-/commander-6.2.1.tgz#0792eb682dfbc325999bb2b84fddddba110ac73c"
  integrity sha512-U7VdrJFnJgo4xjrHpTzu0yrHPGImdsmD95ZlgYSEajAn2JKzDhDTPG9kBTefmObL2w/ngeZnilk+OV9CG3d7UA==

prettier@^2.6.2:
  version "2.8.8"
  resolved "https://registry.yarnpkg.com/prettier/-/prettier-2.8.8.tgz#e8c5d7e98a4305ffe3de2e1fc4aca1a71c28b1da"
  integrity sha512-tdN8qQGvNjw4CHbY+XXk0JgCXn9QiF21a55rBe5LJAU+kDyC4WQn4+awm2Xfk2lQMk5fKup9XgzTZtGkjBdP9Q==
