// !$*UTF8*$!
{
	archiveVersion = 1;
	classes = {
	};
	objectVersion = 54;
	objects = {

/* Begin PBXBuildFile section */
		02A11949268D39A700A2AC99 /* PicoLLMCompletionDemoApp.swift in Sources */ = {isa = PBXBuildFile; fileRef = 02A11948268D39A700A2AC99 /* PicoLLMCompletionDemoApp.swift */; };
		02A1194B268D39A700A2AC99 /* ContentView.swift in Sources */ = {isa = PBXBuildFile; fileRef = 02A1194A268D39A700A2AC99 /* ContentView.swift */; };
		02A1194D268D39AB00A2AC99 /* Assets.xcassets in Resources */ = {isa = PBXBuildFile; fileRef = 02A1194C268D39AB00A2AC99 /* Assets.xcassets */; };
		02A1195F268D3FD600A2AC99 /* ViewModel.swift in Sources */ = {isa = PBXBuildFile; fileRef = 02A1195E268D3FD600A2AC99 /* ViewModel.swift */; };
		074C41F32EF384A200FEC19E /* PicoLLM in Frameworks */ = {isa = PBXBuildFile; productRef = 074C41F22EF384A200FEC19E /* PicoLLM */; };
		079E1F872EF0E2E0005F6213 /* PicoLLM in Frameworks */ = {isa = PBXBuildFile; productRef = 079E1F862EF0E2E0005F6213 /* PicoLLM */; };
		342500D22D1F1FDF00D42622 /* PicoLLM in Frameworks */ = {isa = PBXBuildFile; productRef = 342500D12D1F1FDF00D42622 /* PicoLLM */; };
		34AB73242D1F3D620075B421 /* PicoLLM in Frameworks */ = {isa = PBXBuildFile; productRef = 34AB73232D1F3D620075B421 /* PicoLLM */; };
		34B26B852D1A070E00C33299 /* PicoLLM in Frameworks */ = {isa = PBXBuildFile; productRef = 34B26B842D1A070E00C33299 /* PicoLLM */; };
		C789D2492BEA8D26005FDB10 /* SidebarView.swift in Sources */ = {isa = PBXBuildFile; fileRef = C789D2482BEA8D26005FDB10 /* SidebarView.swift */; };
		C789D24B2BEA8E5D005FDB10 /* LoadModelView.swift in Sources */ = {isa = PBXBuildFile; fileRef = C789D24A2BEA8E5D005FDB10 /* LoadModelView.swift */; };
		C789D24D2BEA8EAE005FDB10 /* CompletionView.swift in Sources */ = {isa = PBXBuildFile; fileRef = C789D24C2BEA8EAE005FDB10 /* CompletionView.swift */; };
		C789D2512BEAD752005FDB10 /* Constants.swift in Sources */ = {isa = PBXBuildFile; fileRef = C789D2502BEAD752005FDB10 /* Constants.swift */; };
		E1E013812D1612E800DB0C2F /* PicoLLM in Frameworks */ = {isa = PBXBuildFile; productRef = E1E013802D1612E800DB0C2F /* PicoLLM */; };
/* End PBXBuildFile section */

/* Begin PBXFileReference section */
		02A11945268D39A700A2AC99 /* PicoLLMCompletionDemo.app */ = {isa = PBXFileReference; explicitFileType = wrapper.application; includeInIndex = 0; path = PicoLLMCompletionDemo.app; sourceTree = BUILT_PRODUCTS_DIR; };
		02A11948268D39A700A2AC99 /* PicoLLMCompletionDemoApp.swift */ = {isa = PBXFileReference; lastKnownFileType = sourcecode.swift; path = PicoLLMCompletionDemoApp.swift; sourceTree = "<group>"; };
		02A1194A268D39A700A2AC99 /* ContentView.swift */ = {isa = PBXFileReference; lastKnownFileType = sourcecode.swift; path = ContentView.swift; sourceTree = "<group>"; };
		02A1194C268D39AB00A2AC99 /* Assets.xcassets */ = {isa = PBXFileReference; lastKnownFileType = folder.assetcatalog; path = Assets.xcassets; sourceTree = "<group>"; };
		02A11951268D39AB00A2AC99 /* Info.plist */ = {isa = PBXFileReference; lastKnownFileType = text.plist.xml; path = Info.plist; sourceTree = "<group>"; };
		02A1195E268D3FD600A2AC99 /* ViewModel.swift */ = {isa = PBXFileReference; lastKnownFileType = sourcecode.swift; path = ViewModel.swift; sourceTree = "<group>"; };
		C789D2482BEA8D26005FDB10 /* SidebarView.swift */ = {isa = PBXFileReference; lastKnownFileType = sourcecode.swift; path = SidebarView.swift; sourceTree = "<group>"; };
		C789D24A2BEA8E5D005FDB10 /* LoadModelView.swift */ = {isa = PBXFileReference; lastKnownFileType = sourcecode.swift; path = LoadModelView.swift; sourceTree = "<group>"; };
		C789D24C2BEA8EAE005FDB10 /* CompletionView.swift */ = {isa = PBXFileReference; lastKnownFileType = sourcecode.swift; path = CompletionView.swift; sourceTree = "<group>"; };
		C789D2502BEAD752005FDB10 /* Constants.swift */ = {isa = PBXFileReference; lastKnownFileType = sourcecode.swift; path = Constants.swift; sourceTree = "<group>"; };
/* End PBXFileReference section */

/* Begin PBXFrameworksBuildPhase section */
		02A11942268D39A700A2AC99 /* Frameworks */ = {
			isa = PBXFrameworksBuildPhase;
			buildActionMask = 2147483647;
			files = (
				079E1F872EF0E2E0005F6213 /* PicoLLM in Frameworks */,
				342500D22D1F1FDF00D42622 /* PicoLLM in Frameworks */,
				E1E013812D1612E800DB0C2F /* PicoLLM in Frameworks */,
				074C41F32EF384A200FEC19E /* PicoLLM in Frameworks */,
				34B26B852D1A070E00C33299 /* PicoLLM in Frameworks */,
				34AB73242D1F3D620075B421 /* PicoLLM in Frameworks */,
			);
			runOnlyForDeploymentPostprocessing = 0;
		};
/* End PBXFrameworksBuildPhase section */

/* Begin PBXGroup section */
		02A1193C268D39A700A2AC99 = {
			isa = PBXGroup;
			children = (
				02A11947268D39A700A2AC99 /* PicoLLMCompletionDemo */,
				02A11946268D39A700A2AC99 /* Products */,
			);
			sourceTree = "<group>";
		};
		02A11946268D39A700A2AC99 /* Products */ = {
			isa = PBXGroup;
			children = (
				02A11945268D39A700A2AC99 /* PicoLLMCompletionDemo.app */,
			);
			name = Products;
			sourceTree = "<group>";
		};
		02A11947268D39A700A2AC99 /* PicoLLMCompletionDemo */ = {
			isa = PBXGroup;
			children = (
				02A11948268D39A700A2AC99 /* PicoLLMCompletionDemoApp.swift */,
				02A1194A268D39A700A2AC99 /* ContentView.swift */,
				02A1194C268D39AB00A2AC99 /* Assets.xcassets */,
				02A11951268D39AB00A2AC99 /* Info.plist */,
				02A1195E268D3FD600A2AC99 /* ViewModel.swift */,
				C789D2482BEA8D26005FDB10 /* SidebarView.swift */,
				C789D24A2BEA8E5D005FDB10 /* LoadModelView.swift */,
				C789D24C2BEA8EAE005FDB10 /* CompletionView.swift */,
				C789D2502BEAD752005FDB10 /* Constants.swift */,
			);
			path = PicoLLMCompletionDemo;
			sourceTree = "<group>";
		};
/* End PBXGroup section */

/* Begin PBXNativeTarget section */
		02A11944268D39A700A2AC99 /* PicoLLMCompletionDemo */ = {
			isa = PBXNativeTarget;
			buildConfigurationList = 02A11954268D39AB00A2AC99 /* Build configuration list for PBXNativeTarget "PicoLLMCompletionDemo" */;
			buildPhases = (
				02A11941268D39A700A2AC99 /* Sources */,
				02A11942268D39A700A2AC99 /* Frameworks */,
				02A11943268D39A700A2AC99 /* Resources */,
			);
			buildRules = (
			);
			dependencies = (
			);
			name = PicoLLMCompletionDemo;
			productName = PicoLLMCompletionDemo;
			productReference = 02A11945268D39A700A2AC99 /* PicoLLMCompletionDemo.app */;
			productType = "com.apple.product-type.application";
		};
/* End PBXNativeTarget section */

/* Begin PBXProject section */
		02A1193D268D39A700A2AC99 /* Project object */ = {
			isa = PBXProject;
			attributes = {
				LastSwiftUpdateCheck = 1250;
				LastUpgradeCheck = 1250;
				TargetAttributes = {
					02A11944268D39A700A2AC99 = {
						CreatedOnToolsVersion = 12.5;
					};
				};
			};
			buildConfigurationList = 02A11940268D39A700A2AC99 /* Build configuration list for PBXProject "PicoLLMCompletionDemo" */;
			compatibilityVersion = "Xcode 9.3";
			developmentRegion = en;
			hasScannedForEncodings = 0;
			knownRegions = (
				en,
				Base,
			);
			mainGroup = 02A1193C268D39A700A2AC99;
			packageReferences = (
				074C41F12EF384A200FEC19E /* XCRemoteSwiftPackageReference "picollm" */,
			);
			productRefGroup = 02A11946268D39A700A2AC99 /* Products */;
			projectDirPath = "";
			projectRoot = "";
			targets = (
				02A11944268D39A700A2AC99 /* PicoLLMCompletionDemo */,
			);
		};
/* End PBXProject section */

/* Begin PBXResourcesBuildPhase section */
		02A11943268D39A700A2AC99 /* Resources */ = {
			isa = PBXResourcesBuildPhase;
			buildActionMask = 2147483647;
			files = (
				02A1194D268D39AB00A2AC99 /* Assets.xcassets in Resources */,
			);
			runOnlyForDeploymentPostprocessing = 0;
		};
/* End PBXResourcesBuildPhase section */

/* Begin PBXSourcesBuildPhase section */
		02A11941268D39A700A2AC99 /* Sources */ = {
			isa = PBXSourcesBuildPhase;
			buildActionMask = 2147483647;
			files = (
				C789D24D2BEA8EAE005FDB10 /* CompletionView.swift in Sources */,
				C789D24B2BEA8E5D005FDB10 /* LoadModelView.swift in Sources */,
				02A1194B268D39A700A2AC99 /* ContentView.swift in Sources */,
				C789D2492BEA8D26005FDB10 /* SidebarView.swift in Sources */,
				C789D2512BEAD752005FDB10 /* Constants.swift in Sources */,
				02A1195F268D3FD600A2AC99 /* ViewModel.swift in Sources */,
				02A11949268D39A700A2AC99 /* PicoLLMCompletionDemoApp.swift in Sources */,
			);
			runOnlyForDeploymentPostprocessing = 0;
		};
/* End PBXSourcesBuildPhase section */

/* Begin XCBuildConfiguration section */
		02A11952268D39AB00A2AC99 /* Debug */ = {
			isa = XCBuildConfiguration;
			buildSettings = {
				ALWAYS_SEARCH_USER_PATHS = NO;
				CLANG_ANALYZER_NONNULL = YES;
				CLANG_ANALYZER_NUMBER_OBJECT_CONVERSION = YES_AGGRESSIVE;
				CLANG_CXX_LANGUAGE_STANDARD = "gnu++14";
				CLANG_CXX_LIBRARY = "libc++";
				CLANG_ENABLE_MODULES = YES;
				CLANG_ENABLE_OBJC_ARC = YES;
				CLANG_ENABLE_OBJC_WEAK = YES;
				CLANG_WARN_BLOCK_CAPTURE_AUTORELEASING = YES;
				CLANG_WARN_BOOL_CONVERSION = YES;
				CLANG_WARN_COMMA = YES;
				CLANG_WARN_CONSTANT_CONVERSION = YES;
				CLANG_WARN_DEPRECATED_OBJC_IMPLEMENTATIONS = YES;
				CLANG_WARN_DIRECT_OBJC_ISA_USAGE = YES_ERROR;
				CLANG_WARN_DOCUMENTATION_COMMENTS = YES;
				CLANG_WARN_EMPTY_BODY = YES;
				CLANG_WARN_ENUM_CONVERSION = YES;
				CLANG_WARN_INFINITE_RECURSION = YES;
				CLANG_WARN_INT_CONVERSION = YES;
				CLANG_WARN_NON_LITERAL_NULL_CONVERSION = YES;
				CLANG_WARN_OBJC_IMPLICIT_RETAIN_SELF = YES;
				CLANG_WARN_OBJC_LITERAL_CONVERSION = YES;
				CLANG_WARN_OBJC_ROOT_CLASS = YES_ERROR;
				CLANG_WARN_QUOTED_INCLUDE_IN_FRAMEWORK_HEADER = YES;
				CLANG_WARN_RANGE_LOOP_ANALYSIS = YES;
				CLANG_WARN_STRICT_PROTOTYPES = YES;
				CLANG_WARN_SUSPICIOUS_MOVE = YES;
				CLANG_WARN_UNGUARDED_AVAILABILITY = YES_AGGRESSIVE;
				CLANG_WARN_UNREACHABLE_CODE = YES;
				CLANG_WARN__DUPLICATE_METHOD_MATCH = YES;
				COPY_PHASE_STRIP = NO;
				DEBUG_INFORMATION_FORMAT = dwarf;
				ENABLE_STRICT_OBJC_MSGSEND = YES;
				ENABLE_TESTABILITY = YES;
				GCC_C_LANGUAGE_STANDARD = gnu11;
				GCC_DYNAMIC_NO_PIC = NO;
				GCC_NO_COMMON_BLOCKS = YES;
				GCC_OPTIMIZATION_LEVEL = 0;
				GCC_PREPROCESSOR_DEFINITIONS = (
					"DEBUG=1",
					"$(inherited)",
				);
				GCC_WARN_64_TO_32_BIT_CONVERSION = YES;
				GCC_WARN_ABOUT_RETURN_TYPE = YES_ERROR;
				GCC_WARN_UNDECLARED_SELECTOR = YES;
				GCC_WARN_UNINITIALIZED_AUTOS = YES_AGGRESSIVE;
				GCC_WARN_UNUSED_FUNCTION = YES;
				GCC_WARN_UNUSED_VARIABLE = YES;
				IPHONEOS_DEPLOYMENT_TARGET = 16.0;
				MTL_ENABLE_DEBUG_INFO = INCLUDE_SOURCE;
				MTL_FAST_MATH = YES;
				ONLY_ACTIVE_ARCH = YES;
				SDKROOT = iphoneos;
				SWIFT_ACTIVE_COMPILATION_CONDITIONS = DEBUG;
				SWIFT_OPTIMIZATION_LEVEL = "-Onone";
			};
			name = Debug;
		};
		02A11953268D39AB00A2AC99 /* Release */ = {
			isa = XCBuildConfiguration;
			buildSettings = {
				ALWAYS_SEARCH_USER_PATHS = NO;
				CLANG_ANALYZER_NONNULL = YES;
				CLANG_ANALYZER_NUMBER_OBJECT_CONVERSION = YES_AGGRESSIVE;
				CLANG_CXX_LANGUAGE_STANDARD = "gnu++14";
				CLANG_CXX_LIBRARY = "libc++";
				CLANG_ENABLE_MODULES = YES;
				CLANG_ENABLE_OBJC_ARC = YES;
				CLANG_ENABLE_OBJC_WEAK = YES;
				CLANG_WARN_BLOCK_CAPTURE_AUTORELEASING = YES;
				CLANG_WARN_BOOL_CONVERSION = YES;
				CLANG_WARN_COMMA = YES;
				CLANG_WARN_CONSTANT_CONVERSION = YES;
				CLANG_WARN_DEPRECATED_OBJC_IMPLEMENTATIONS = YES;
				CLANG_WARN_DIRECT_OBJC_ISA_USAGE = YES_ERROR;
				CLANG_WARN_DOCUMENTATION_COMMENTS = YES;
				CLANG_WARN_EMPTY_BODY = YES;
				CLANG_WARN_ENUM_CONVERSION = YES;
				CLANG_WARN_INFINITE_RECURSION = YES;
				CLANG_WARN_INT_CONVERSION = YES;
				CLANG_WARN_NON_LITERAL_NULL_CONVERSION = YES;
				CLANG_WARN_OBJC_IMPLICIT_RETAIN_SELF = YES;
				CLANG_WARN_OBJC_LITERAL_CONVERSION = YES;
				CLANG_WARN_OBJC_ROOT_CLASS = YES_ERROR;
				CLANG_WARN_QUOTED_INCLUDE_IN_FRAMEWORK_HEADER = YES;
				CLANG_WARN_RANGE_LOOP_ANALYSIS = YES;
				CLANG_WARN_STRICT_PROTOTYPES = YES;
				CLANG_WARN_SUSPICIOUS_MOVE = YES;
				CLANG_WARN_UNGUARDED_AVAILABILITY = YES_AGGRESSIVE;
				CLANG_WARN_UNREACHABLE_CODE = YES;
				CLANG_WARN__DUPLICATE_METHOD_MATCH = YES;
				COPY_PHASE_STRIP = NO;
				DEBUG_INFORMATION_FORMAT = "dwarf-with-dsym";
				ENABLE_NS_ASSERTIONS = NO;
				ENABLE_STRICT_OBJC_MSGSEND = YES;
				GCC_C_LANGUAGE_STANDARD = gnu11;
				GCC_NO_COMMON_BLOCKS = YES;
				GCC_WARN_64_TO_32_BIT_CONVERSION = YES;
				GCC_WARN_ABOUT_RETURN_TYPE = YES_ERROR;
				GCC_WARN_UNDECLARED_SELECTOR = YES;
				GCC_WARN_UNINITIALIZED_AUTOS = YES_AGGRESSIVE;
				GCC_WARN_UNUSED_FUNCTION = YES;
				GCC_WARN_UNUSED_VARIABLE = YES;
				IPHONEOS_DEPLOYMENT_TARGET = 16.0;
				MTL_ENABLE_DEBUG_INFO = NO;
				MTL_FAST_MATH = YES;
				SDKROOT = iphoneos;
				SWIFT_COMPILATION_MODE = wholemodule;
				SWIFT_OPTIMIZATION_LEVEL = "-O";
				VALIDATE_PRODUCT = YES;
			};
			name = Release;
		};
		02A11955268D39AB00A2AC99 /* Debug */ = {
			isa = XCBuildConfiguration;
			buildSettings = {
				ASSETCATALOG_COMPILER_APPICON_NAME = AppIcon;
				ASSETCATALOG_COMPILER_GLOBAL_ACCENT_COLOR_NAME = AccentColor;
				CODE_SIGN_STYLE = Automatic;
				DEVELOPMENT_ASSET_PATHS = "";
				DEVELOPMENT_TEAM = 65723695GD;
				ENABLE_PREVIEWS = YES;
				INFOPLIST_FILE = PicoLLMCompletionDemo/Info.plist;
				IPHONEOS_DEPLOYMENT_TARGET = 16.0;
				LD_RUNPATH_SEARCH_PATHS = (
					"$(inherited)",
					"@executable_path/Frameworks",
				);
				PRODUCT_BUNDLE_IDENTIFIER = ai.picovoice.PicoLLMCompletionDemo;
				PRODUCT_NAME = "$(TARGET_NAME)";
				SWIFT_VERSION = 5.0;
				TARGETED_DEVICE_FAMILY = "1,2";
			};
			name = Debug;
		};
		02A11956268D39AB00A2AC99 /* Release */ = {
			isa = XCBuildConfiguration;
			buildSettings = {
				ASSETCATALOG_COMPILER_APPICON_NAME = AppIcon;
				ASSETCATALOG_COMPILER_GLOBAL_ACCENT_COLOR_NAME = AccentColor;
				CODE_SIGN_STYLE = Automatic;
				DEVELOPMENT_ASSET_PATHS = "";
				DEVELOPMENT_TEAM = 65723695GD;
				ENABLE_PREVIEWS = YES;
				INFOPLIST_FILE = PicoLLMCompletionDemo/Info.plist;
				IPHONEOS_DEPLOYMENT_TARGET = 16.0;
				LD_RUNPATH_SEARCH_PATHS = (
					"$(inherited)",
					"@executable_path/Frameworks",
				);
				PRODUCT_BUNDLE_IDENTIFIER = ai.picovoice.PicoLLMCompletionDemo;
				PRODUCT_NAME = "$(TARGET_NAME)";
				SWIFT_VERSION = 5.0;
				TARGETED_DEVICE_FAMILY = "1,2";
			};
			name = Release;
		};
/* End XCBuildConfiguration section */

/* Begin XCConfigurationList section */
		02A11940268D39A700A2AC99 /* Build configuration list for PBXProject "PicoLLMCompletionDemo" */ = {
			isa = XCConfigurationList;
			buildConfigurations = (
				02A11952268D39AB00A2AC99 /* Debug */,
				02A11953268D39AB00A2AC99 /* Release */,
			);
			defaultConfigurationIsVisible = 0;
			defaultConfigurationName = Release;
		};
		02A11954268D39AB00A2AC99 /* Build configuration list for PBXNativeTarget "PicoLLMCompletionDemo" */ = {
			isa = XCConfigurationList;
			buildConfigurations = (
				02A11955268D39AB00A2AC99 /* Debug */,
				02A11956268D39AB00A2AC99 /* Release */,
			);
			defaultConfigurationIsVisible = 0;
			defaultConfigurationName = Release;
		};
/* End XCConfigurationList section */

/* Begin XCRemoteSwiftPackageReference section */
		074C41F12EF384A200FEC19E /* XCRemoteSwiftPackageReference "picollm" */ = {
			isa = XCRemoteSwiftPackageReference;
			repositoryURL = "https://github.com/Picovoice/picollm";
			requirement = {
				kind = exactVersion;
				version = 2.0.1;
			};
		};
		34AB73222D1F3D620075B421 /* XCRemoteSwiftPackageReference "picollm" */ = {
			isa = XCRemoteSwiftPackageReference;
			repositoryURL = "https://github.com/picovoice/picollm";
			requirement = {
				kind = exactVersion;
				version = 1.3.1;
			};
		};
		34B26B832D1A070E00C33299 /* XCRemoteSwiftPackageReference "picollm" */ = {
			isa = XCRemoteSwiftPackageReference;
			repositoryURL = "https://github.com/picovoice/picollm";
			requirement = {
				kind = exactVersion;
				version = 1.2.3;
			};
		};
/* End XCRemoteSwiftPackageReference section */

/* Begin XCSwiftPackageProductDependency section */
		074C41F22EF384A200FEC19E /* PicoLLM */ = {
			isa = XCSwiftPackageProductDependency;
			package = 074C41F12EF384A200FEC19E /* XCRemoteSwiftPackageReference "picollm" */;
			productName = PicoLLM;
		};
		079E1F862EF0E2E0005F6213 /* PicoLLM */ = {
			isa = XCSwiftPackageProductDependency;
			productName = PicoLLM;
		};
		342500D12D1F1FDF00D42622 /* PicoLLM */ = {
			isa = XCSwiftPackageProductDependency;
			productName = PicoLLM;
		};
		34AB73232D1F3D620075B421 /* PicoLLM */ = {
			isa = XCSwiftPackageProductDependency;
			package = 34AB73222D1F3D620075B421 /* XCRemoteSwiftPackageReference "picollm" */;
			productName = PicoLLM;
		};
		34B26B842D1A070E00C33299 /* PicoLLM */ = {
			isa = XCSwiftPackageProductDependency;
			package = 34B26B832D1A070E00C33299 /* XCRemoteSwiftPackageReference "picollm" */;
			productName = PicoLLM;
		};
		E1E013802D1612E800DB0C2F /* PicoLLM */ = {
			isa = XCSwiftPackageProductDependency;
			productName = PicoLLM;
		};
/* End XCSwiftPackageProductDependency section */
	};
	rootObject = 02A1193D268D39A700A2AC99 /* Project object */;
}
