PODS:
  - picoLLM-iOS (1.2.0)

DEPENDENCIES:
  - picoLLM-iOS (from `https://raw.githubusercontent.com/Picovoice/picollm/refs/heads/v1.2/binding/ios/picoLLM-iOS.podspec`)

EXTERNAL SOURCES:
  picoLLM-iOS:
    :podspec: https://raw.githubusercontent.com/Picovoice/picollm/refs/heads/v1.2/binding/ios/picoLLM-iOS.podspec

SPEC CHECKSUMS:
  picoLLM-iOS: 9ff6baa0b9e577d99491f4fa63f898a16fc6925c

PODFILE CHECKSUM: a9980d0dfa997c601138159970f368d7b6a35af7

COCOAPODS: 1.15.2
